
Microsoft Visual Studio Solution File, Format Version 12.00
# Visual Studio 15
VisualStudioVersion = 15.0.28010.2019
MinimumVisualStudioVersion = 10.0.40219.1
Project("{FAE04EC0-301F-11D3-BF4B-00C04F79EFBC}") = "RtspExample", "RtspExample\RtspExample.csproj", "{67CA9BB5-AE56-4354-808B-7E25E5786359}"
EndProject
Global
	GlobalSection(SolutionConfigurationPlatforms) = preSolution
		Debug|Any CPU = Debug|Any CPU
		Release|Any CPU = Release|Any CPU
	EndGlobalSection
	GlobalSection(ProjectConfigurationPlatforms) = postSolution
		{67CA9BB5-AE56-4354-808B-7E25E5786359}.Debug|Any CPU.ActiveCfg = Debug|Any CPU
		{67CA9BB5-AE56-4354-808B-7E25E5786359}.Debug|Any CPU.Build.0 = Debug|Any CPU
		{67CA9BB5-AE56-4354-808B-7E25E5786359}.Release|Any CPU.ActiveCfg = Release|Any CPU
		{67CA9BB5-AE56-4354-808B-7E25E5786359}.Release|Any CPU.Build.0 = Release|Any CPU
	EndGlobalSection
	GlobalSection(SolutionProperties) = preSolution
		HideSolutionNode = FALSE
	EndGlobalSection
	GlobalSection(ExtensibilityGlobals) = postSolution
		SolutionGuid = {3C13C902-7FB7-4688-A537-FA19C11BAF3A}
	EndGlobalSection
EndGlobal
