
Microsoft Visual Studio Solution File, Format Version 12.00
# Visual Studio Version 17
VisualStudioVersion = 17.5.33627.172
MinimumVisualStudioVersion = 10.0.40219.1
Project("{9A19103F-16F7-4668-BE54-9A1E7A4F7556}") = "SpeechmaticsAPI", "SmRtAPI\SpeechmaticsAPI.csproj", "{8CF2865C-2F1D-47E2-BB5C-5AD6B146365D}"
EndProject
Project("{FAE04EC0-301F-11D3-BF4B-00C04F79EFBC}") = "SpeechmaticsAPI.Tests", "SpeechmaticsAPI.Tests\SpeechmaticsAPI.Tests.csproj", "{3DE10437-F1FE-4CF8-BA2B-F6778CD58ECC}"
EndProject
Project("{2150E333-8FDC-42A3-9474-1A3956D46DE8}") = "Solution Items", "Solution Items", "{8547BB54-0B55-47F3-90A6-C3445CEB1300}"
	ProjectSection(SolutionItems) = preProject
		speechmatics.snk = speechmatics.snk
	EndProjectSection
EndProject
Project("{FAE04EC0-301F-11D3-BF4B-00C04F79EFBC}") = "DemoApp", "DemoApp\DemoApp.csproj", "{161D10E3-5F64-4C6C-8CF2-11504E47CF62}"
EndProject
Project("{9A19103F-16F7-4668-BE54-9A1E7A4F7556}") = "DemoAppNetCore", "DemoAppNetCore\DemoAppNetCore.csproj", "{F2755726-2137-4335-A663-C1D76BFBDD8D}"
EndProject
Project("{FAE04EC0-301F-11D3-BF4B-00C04F79EFBC}") = "SpeechmaticsAPIFull", "SpeechmaticsAPIFull\SpeechmaticsAPIFull.csproj", "{1F1232B2-8277-48E6-99CC-31EECBB7C482}"
	ProjectSection(ProjectDependencies) = postProject
		{8CF2865C-2F1D-47E2-BB5C-5AD6B146365D} = {8CF2865C-2F1D-47E2-BB5C-5AD6B146365D}
	EndProjectSection
EndProject
Global
	GlobalSection(SolutionConfigurationPlatforms) = preSolution
		Debug|Any CPU = Debug|Any CPU
		Release|Any CPU = Release|Any CPU
	EndGlobalSection
	GlobalSection(ProjectConfigurationPlatforms) = postSolution
		{8CF2865C-2F1D-47E2-BB5C-5AD6B146365D}.Debug|Any CPU.ActiveCfg = Debug|Any CPU
		{8CF2865C-2F1D-47E2-BB5C-5AD6B146365D}.Debug|Any CPU.Build.0 = Debug|Any CPU
		{8CF2865C-2F1D-47E2-BB5C-5AD6B146365D}.Release|Any CPU.ActiveCfg = Release|Any CPU
		{8CF2865C-2F1D-47E2-BB5C-5AD6B146365D}.Release|Any CPU.Build.0 = Release|Any CPU
		{3DE10437-F1FE-4CF8-BA2B-F6778CD58ECC}.Debug|Any CPU.ActiveCfg = Debug|Any CPU
		{3DE10437-F1FE-4CF8-BA2B-F6778CD58ECC}.Debug|Any CPU.Build.0 = Debug|Any CPU
		{3DE10437-F1FE-4CF8-BA2B-F6778CD58ECC}.Release|Any CPU.ActiveCfg = Release|Any CPU
		{3DE10437-F1FE-4CF8-BA2B-F6778CD58ECC}.Release|Any CPU.Build.0 = Release|Any CPU
		{161D10E3-5F64-4C6C-8CF2-11504E47CF62}.Debug|Any CPU.ActiveCfg = Debug|Any CPU
		{161D10E3-5F64-4C6C-8CF2-11504E47CF62}.Debug|Any CPU.Build.0 = Debug|Any CPU
		{161D10E3-5F64-4C6C-8CF2-11504E47CF62}.Release|Any CPU.ActiveCfg = Release|Any CPU
		{161D10E3-5F64-4C6C-8CF2-11504E47CF62}.Release|Any CPU.Build.0 = Release|Any CPU
		{F2755726-2137-4335-A663-C1D76BFBDD8D}.Debug|Any CPU.ActiveCfg = Debug|Any CPU
		{F2755726-2137-4335-A663-C1D76BFBDD8D}.Debug|Any CPU.Build.0 = Debug|Any CPU
		{F2755726-2137-4335-A663-C1D76BFBDD8D}.Release|Any CPU.ActiveCfg = Release|Any CPU
		{F2755726-2137-4335-A663-C1D76BFBDD8D}.Release|Any CPU.Build.0 = Release|Any CPU
		{1F1232B2-8277-48E6-99CC-31EECBB7C482}.Debug|Any CPU.ActiveCfg = Debug|Any CPU
		{1F1232B2-8277-48E6-99CC-31EECBB7C482}.Debug|Any CPU.Build.0 = Debug|Any CPU
		{1F1232B2-8277-48E6-99CC-31EECBB7C482}.Release|Any CPU.ActiveCfg = Release|Any CPU
		{1F1232B2-8277-48E6-99CC-31EECBB7C482}.Release|Any CPU.Build.0 = Release|Any CPU
	EndGlobalSection
	GlobalSection(SolutionProperties) = preSolution
		HideSolutionNode = FALSE
	EndGlobalSection
	GlobalSection(ExtensibilityGlobals) = postSolution
		SolutionGuid = {303EB111-7CA9-41B6-80D1-C56A23390303}
	EndGlobalSection
EndGlobal
